Microsoft Visual Studio Solution File, Format Version 12.00
# Visual Studio Version 17
VisualStudioVersion = 17.5.2.0
MinimumVisualStudioVersion = 10.0.40219.1
Project("{FAE04EC0-301F-11D3-BF4B-00C04F79EFBC}") = "SistemaSubsidios", "SistemaSubsidios-CASATIC\SistemaSubsidios.csproj", "{394BEB91-9493-34AB-D85F-0CF2F7547297}"
EndProject
Global
	GlobalSection(SolutionConfigurationPlatforms) = preSolution
		Debug|Any CPU = Debug|Any CPU
		Release|Any CPU = Release|Any CPU
	EndGlobalSection
	GlobalSection(ProjectConfigurationPlatforms) = postSolution
		{394BEB91-9493-34AB-D85F-0CF2F7547297}.Debug|Any CPU.ActiveCfg = Debug|Any CPU
		{394BEB91-9493-34AB-D85F-0CF2F7547297}.Debug|Any CPU.Build.0 = Debug|Any CPU
		{394BEB91-9493-34AB-D85F-0CF2F7547297}.Release|Any CPU.ActiveCfg = Release|Any CPU
		{394BEB91-9493-34AB-D85F-0CF2F7547297}.Release|Any CPU.Build.0 = Release|Any CPU
	EndGlobalSection
	GlobalSection(SolutionProperties) = preSolution
		HideSolutionNode = FALSE
	EndGlobalSection
	GlobalSection(ExtensibilityGlobals) = postSolution
		SolutionGuid = {E7726D65-6A06-44DE-AFA3-D01F1AA6A6E4}
	EndGlobalSection
EndGlobal
